
Microsoft Visual Studio Solution File, Format Version 12.00
# Visual Studio 2012
Project("{FAE04EC0-301F-11D3-BF4B-00C04F79EFBC}") = "CardWizard", "CardWizard\CardWizard.csproj", "{D75784F2-889C-4E2D-9BF5-C16F48BDA9BD}"
EndProject
Project("{FAE04EC0-301F-11D3-BF4B-00C04F79EFBC}") = "CardWizard.iOS", "iOS\CardWizard.iOS.csproj", "{30B14E9B-522C-4797-952C-B4CED8B47F12}"
EndProject
Project("{FAE04EC0-301F-11D3-BF4B-00C04F79EFBC}") = "CardWizard.Droid", "Droid\CardWizard.Droid.csproj", "{E60EEFC5-B516-4EBB-8B89-4A662DA086D4}"
EndProject
Global
	GlobalSection(SolutionConfigurationPlatforms) = preSolution
		Debug|Any CPU = Debug|Any CPU
		Release|Any CPU = Release|Any CPU
		Debug|iPhoneSimulator = Debug|iPhoneSimulator
		Release|iPhone = Release|iPhone
		Release|iPhoneSimulator = Release|iPhoneSimulator
		Debug|iPhone = Debug|iPhone
	EndGlobalSection
	GlobalSection(ProjectConfigurationPlatforms) = postSolution
		{D75784F2-889C-4E2D-9BF5-C16F48BDA9BD}.Debug|Any CPU.ActiveCfg = Debug|Any CPU
		{D75784F2-889C-4E2D-9BF5-C16F48BDA9BD}.Debug|Any CPU.Build.0 = Debug|Any CPU
		{D75784F2-889C-4E2D-9BF5-C16F48BDA9BD}.Release|Any CPU.ActiveCfg = Release|Any CPU
		{D75784F2-889C-4E2D-9BF5-C16F48BDA9BD}.Release|Any CPU.Build.0 = Release|Any CPU
		{D75784F2-889C-4E2D-9BF5-C16F48BDA9BD}.Debug|iPhoneSimulator.ActiveCfg = Debug|Any CPU
		{D75784F2-889C-4E2D-9BF5-C16F48BDA9BD}.Debug|iPhoneSimulator.Build.0 = Debug|Any CPU
		{D75784F2-889C-4E2D-9BF5-C16F48BDA9BD}.Release|iPhone.ActiveCfg = Release|Any CPU
		{D75784F2-889C-4E2D-9BF5-C16F48BDA9BD}.Release|iPhone.Build.0 = Release|Any CPU
		{D75784F2-889C-4E2D-9BF5-C16F48BDA9BD}.Release|iPhoneSimulator.ActiveCfg = Release|Any CPU
		{D75784F2-889C-4E2D-9BF5-C16F48BDA9BD}.Release|iPhoneSimulator.Build.0 = Release|Any CPU
		{D75784F2-889C-4E2D-9BF5-C16F48BDA9BD}.Debug|iPhone.ActiveCfg = Debug|Any CPU
		{D75784F2-889C-4E2D-9BF5-C16F48BDA9BD}.Debug|iPhone.Build.0 = Debug|Any CPU
		{30B14E9B-522C-4797-952C-B4CED8B47F12}.Debug|Any CPU.ActiveCfg = Debug|iPhoneSimulator
		{30B14E9B-522C-4797-952C-B4CED8B47F12}.Debug|Any CPU.Build.0 = Debug|iPhoneSimulator
		{30B14E9B-522C-4797-952C-B4CED8B47F12}.Release|Any CPU.ActiveCfg = Release|iPhone
		{30B14E9B-522C-4797-952C-B4CED8B47F12}.Release|Any CPU.Build.0 = Release|iPhone
		{30B14E9B-522C-4797-952C-B4CED8B47F12}.Debug|iPhoneSimulator.ActiveCfg = Debug|iPhoneSimulator
		{30B14E9B-522C-4797-952C-B4CED8B47F12}.Debug|iPhoneSimulator.Build.0 = Debug|iPhoneSimulator
		{30B14E9B-522C-4797-952C-B4CED8B47F12}.Release|iPhone.ActiveCfg = Release|iPhone
		{30B14E9B-522C-4797-952C-B4CED8B47F12}.Release|iPhone.Build.0 = Release|iPhone
		{30B14E9B-522C-4797-952C-B4CED8B47F12}.Release|iPhoneSimulator.ActiveCfg = Release|iPhoneSimulator
		{30B14E9B-522C-4797-952C-B4CED8B47F12}.Release|iPhoneSimulator.Build.0 = Release|iPhoneSimulator
		{30B14E9B-522C-4797-952C-B4CED8B47F12}.Debug|iPhone.ActiveCfg = Debug|iPhone
		{30B14E9B-522C-4797-952C-B4CED8B47F12}.Debug|iPhone.Build.0 = Debug|iPhone
		{E60EEFC5-B516-4EBB-8B89-4A662DA086D4}.Debug|Any CPU.ActiveCfg = Debug|Any CPU
		{E60EEFC5-B516-4EBB-8B89-4A662DA086D4}.Debug|Any CPU.Build.0 = Debug|Any CPU
		{E60EEFC5-B516-4EBB-8B89-4A662DA086D4}.Release|Any CPU.ActiveCfg = Release|Any CPU
		{E60EEFC5-B516-4EBB-8B89-4A662DA086D4}.Release|Any CPU.Build.0 = Release|Any CPU
		{E60EEFC5-B516-4EBB-8B89-4A662DA086D4}.Debug|iPhoneSimulator.ActiveCfg = Debug|Any CPU
		{E60EEFC5-B516-4EBB-8B89-4A662DA086D4}.Debug|iPhoneSimulator.Build.0 = Debug|Any CPU
		{E60EEFC5-B516-4EBB-8B89-4A662DA086D4}.Release|iPhone.ActiveCfg = Release|Any CPU
		{E60EEFC5-B516-4EBB-8B89-4A662DA086D4}.Release|iPhone.Build.0 = Release|Any CPU
		{E60EEFC5-B516-4EBB-8B89-4A662DA086D4}.Release|iPhoneSimulator.ActiveCfg = Release|Any CPU
		{E60EEFC5-B516-4EBB-8B89-4A662DA086D4}.Release|iPhoneSimulator.Build.0 = Release|Any CPU
		{E60EEFC5-B516-4EBB-8B89-4A662DA086D4}.Debug|iPhone.ActiveCfg = Debug|Any CPU
		{E60EEFC5-B516-4EBB-8B89-4A662DA086D4}.Debug|iPhone.Build.0 = Debug|Any CPU
	EndGlobalSection
EndGlobal
